
Microsoft Visual Studio Solution File, Format Version 12.00
# Visual Studio Version 16
VisualStudioVersion = 16.0.29613.14
MinimumVisualStudioVersion = 10.0.40219.1
Project("{FAE04EC0-301F-11D3-BF4B-00C04F79EFBC}") = "Edit", "ConsoleApp8\Edit.csproj", "{C425A38F-88B6-418F-A6B4-C9B7B1691761}"
EndProject
Global
	GlobalSection(SolutionConfigurationPlatforms) = preSolution
		Debug|Any CPU = Debug|Any CPU
		Release|Any CPU = Release|Any CPU
	EndGlobalSection
	GlobalSection(ProjectConfigurationPlatforms) = postSolution
		{C425A38F-88B6-418F-A6B4-C9B7B1691761}.Debug|Any CPU.ActiveCfg = Debug|Any CPU
		{C425A38F-88B6-418F-A6B4-C9B7B1691761}.Debug|Any CPU.Build.0 = Debug|Any CPU
		{C425A38F-88B6-418F-A6B4-C9B7B1691761}.Release|Any CPU.ActiveCfg = Release|Any CPU
		{C425A38F-88B6-418F-A6B4-C9B7B1691761}.Release|Any CPU.Build.0 = Release|Any CPU
	EndGlobalSection
	GlobalSection(SolutionProperties) = preSolution
		HideSolutionNode = FALSE
	EndGlobalSection
	GlobalSection(ExtensibilityGlobals) = postSolution
		SolutionGuid = {869C0480-FB4F-4AAC-A94C-28E63F917149}
	EndGlobalSection
EndGlobal
